
Microsoft Visual Studio Solution File, Format Version 12.00
# Visual Studio Version 16
VisualStudioVersion = 16.0.30907.101
MinimumVisualStudioVersion = 10.0.40219.1
Project("{9A19103F-16F7-4668-BE54-9A1E7A4F7556}") = "DotNet5.API", "DotNet5.API\DotNet5.API.csproj", "{683072ED-A837-477B-974D-BF81195BB199}"
EndProject
Global
	GlobalSection(SolutionConfigurationPlatforms) = preSolution
		Debug|Any CPU = Debug|Any CPU
		Release|Any CPU = Release|Any CPU
	EndGlobalSection
	GlobalSection(ProjectConfigurationPlatforms) = postSolution
		{683072ED-A837-477B-974D-BF81195BB199}.Debug|Any CPU.ActiveCfg = Debug|Any CPU
		{683072ED-A837-477B-974D-BF81195BB199}.Debug|Any CPU.Build.0 = Debug|Any CPU
		{683072ED-A837-477B-974D-BF81195BB199}.Release|Any CPU.ActiveCfg = Release|Any CPU
		{683072ED-A837-477B-974D-BF81195BB199}.Release|Any CPU.Build.0 = Release|Any CPU
	EndGlobalSection
	GlobalSection(SolutionProperties) = preSolution
		HideSolutionNode = FALSE
	EndGlobalSection
	GlobalSection(ExtensibilityGlobals) = postSolution
		SolutionGuid = {CEC840D6-A521-48A8-9FF9-69DE7AD6653E}
	EndGlobalSection
EndGlobal
